
Microsoft Visual Studio Solution File, Format Version 12.00
# Visual Studio Version 16
VisualStudioVersion = 16.0.30225.117
MinimumVisualStudioVersion = 10.0.40219.1
Project("{FAE04EC0-301F-11D3-BF4B-00C04F79EFBC}") = "ResourceDataCollector", "ResourceDataCollector.csproj", "{41F89C4C-A425-48C4-901C-DC30AA224950}"
EndProject
Global
	GlobalSection(SolutionConfigurationPlatforms) = preSolution
		Debug|Any CPU = Debug|Any CPU
		Release|Any CPU = Release|Any CPU
	EndGlobalSection
	GlobalSection(ProjectConfigurationPlatforms) = postSolution
		{41F89C4C-A425-48C4-901C-DC30AA224950}.Debug|Any CPU.ActiveCfg = Debug|Any CPU
		{41F89C4C-A425-48C4-901C-DC30AA224950}.Debug|Any CPU.Build.0 = Debug|Any CPU
		{41F89C4C-A425-48C4-901C-DC30AA224950}.Release|Any CPU.ActiveCfg = Release|Any CPU
		{41F89C4C-A425-48C4-901C-DC30AA224950}.Release|Any CPU.Build.0 = Release|Any CPU
	EndGlobalSection
	GlobalSection(SolutionProperties) = preSolution
		HideSolutionNode = FALSE
	EndGlobalSection
	GlobalSection(ExtensibilityGlobals) = postSolution
		SolutionGuid = {B09714BC-0505-4F65-B1E2-478CFC171FAA}
	EndGlobalSection
EndGlobal
